
Microsoft Visual Studio Solution File, Format Version 12.00
# Visual Studio 15
VisualStudioVersion = 15.0.27428.2043
MinimumVisualStudioVersion = 10.0.40219.1
Project("{FAE04EC0-301F-11D3-BF4B-00C04F79EFBC}") = "ClientFramework", "Client\ClientFramework\ClientFramework.csproj", "{C53B5385-AFB3-4350-8E42-6CD6C4AEF15E}"
	ProjectSection(ProjectDependencies) = postProject
		{AC6EB4BF-1281-4BA8-89D6-BEA41E871BB8} = {AC6EB4BF-1281-4BA8-89D6-BEA41E871BB8}
	EndProjectSection
EndProject
Project("{FAE04EC0-301F-11D3-BF4B-00C04F79EFBC}") = "Client", "Client\Client\Client.csproj", "{13E9F67D-0B95-4A48-890E-A2D981BCBC01}"
	ProjectSection(ProjectDependencies) = postProject
		{C53B5385-AFB3-4350-8E42-6CD6C4AEF15E} = {C53B5385-AFB3-4350-8E42-6CD6C4AEF15E}
		{AC6EB4BF-1281-4BA8-89D6-BEA41E871BB8} = {AC6EB4BF-1281-4BA8-89D6-BEA41E871BB8}
	EndProjectSection
EndProject
Project("{9A19103F-16F7-4668-BE54-9A1E7A4F7556}") = "DataTransferObjects", "DataTransferObjects\DataTransferObjects.csproj", "{AC6EB4BF-1281-4BA8-89D6-BEA41E871BB8}"
EndProject
Global
	GlobalSection(SolutionConfigurationPlatforms) = preSolution
		Debug|Any CPU = Debug|Any CPU
		DebugStub|Any CPU = DebugStub|Any CPU
		Release|Any CPU = Release|Any CPU
	EndGlobalSection
	GlobalSection(ProjectConfigurationPlatforms) = postSolution
		{C53B5385-AFB3-4350-8E42-6CD6C4AEF15E}.Debug|Any CPU.ActiveCfg = Debug|Any CPU
		{C53B5385-AFB3-4350-8E42-6CD6C4AEF15E}.Debug|Any CPU.Build.0 = Debug|Any CPU
		{C53B5385-AFB3-4350-8E42-6CD6C4AEF15E}.DebugStub|Any CPU.ActiveCfg = Debug|Any CPU
		{C53B5385-AFB3-4350-8E42-6CD6C4AEF15E}.DebugStub|Any CPU.Build.0 = Debug|Any CPU
		{C53B5385-AFB3-4350-8E42-6CD6C4AEF15E}.Release|Any CPU.ActiveCfg = Release|Any CPU
		{C53B5385-AFB3-4350-8E42-6CD6C4AEF15E}.Release|Any CPU.Build.0 = Release|Any CPU
		{13E9F67D-0B95-4A48-890E-A2D981BCBC01}.Debug|Any CPU.ActiveCfg = Debug|Any CPU
		{13E9F67D-0B95-4A48-890E-A2D981BCBC01}.Debug|Any CPU.Build.0 = Debug|Any CPU
		{13E9F67D-0B95-4A48-890E-A2D981BCBC01}.DebugStub|Any CPU.ActiveCfg = DebugStub|Any CPU
		{13E9F67D-0B95-4A48-890E-A2D981BCBC01}.DebugStub|Any CPU.Build.0 = DebugStub|Any CPU
		{13E9F67D-0B95-4A48-890E-A2D981BCBC01}.Release|Any CPU.ActiveCfg = Release|Any CPU
		{13E9F67D-0B95-4A48-890E-A2D981BCBC01}.Release|Any CPU.Build.0 = Release|Any CPU
		{AC6EB4BF-1281-4BA8-89D6-BEA41E871BB8}.Debug|Any CPU.ActiveCfg = Debug|Any CPU
		{AC6EB4BF-1281-4BA8-89D6-BEA41E871BB8}.Debug|Any CPU.Build.0 = Debug|Any CPU
		{AC6EB4BF-1281-4BA8-89D6-BEA41E871BB8}.DebugStub|Any CPU.ActiveCfg = Debug|Any CPU
		{AC6EB4BF-1281-4BA8-89D6-BEA41E871BB8}.DebugStub|Any CPU.Build.0 = Debug|Any CPU
		{AC6EB4BF-1281-4BA8-89D6-BEA41E871BB8}.Release|Any CPU.ActiveCfg = Release|Any CPU
		{AC6EB4BF-1281-4BA8-89D6-BEA41E871BB8}.Release|Any CPU.Build.0 = Release|Any CPU
	EndGlobalSection
	GlobalSection(SolutionProperties) = preSolution
		HideSolutionNode = FALSE
	EndGlobalSection
	GlobalSection(ExtensibilityGlobals) = postSolution
		SolutionGuid = {563053BF-06F7-4E86-85C6-BC990A2527DD}
	EndGlobalSection
EndGlobal
