
Microsoft Visual Studio Solution File, Format Version 12.00
# Visual Studio 15
VisualStudioVersion = 15.0.27428.2043
MinimumVisualStudioVersion = 10.0.40219.1
Project("{FAE04EC0-301F-11D3-BF4B-00C04F79EFBC}") = "Client", "Client\Client.csproj", "{13E9F67D-0B95-4A48-890E-A2D981BCBC01}"
EndProject
Project("{FAE04EC0-301F-11D3-BF4B-00C04F79EFBC}") = "DataTransferObjectsClient", "DataTransferObjectsClient\DataTransferObjectsClient.csproj", "{754F4B9C-8A5B-460A-9CF1-CFF615CAE1E5}"
EndProject
Global
	GlobalSection(SolutionConfigurationPlatforms) = preSolution
		Debug|Any CPU = Debug|Any CPU
		Debug|x64 = Debug|x64
		DebugStub|Any CPU = DebugStub|Any CPU
		DebugStub|x64 = DebugStub|x64
		Release|Any CPU = Release|Any CPU
		Release|x64 = Release|x64
	EndGlobalSection
	GlobalSection(ProjectConfigurationPlatforms) = postSolution
		{13E9F67D-0B95-4A48-890E-A2D981BCBC01}.Debug|Any CPU.ActiveCfg = Debug|Any CPU
		{13E9F67D-0B95-4A48-890E-A2D981BCBC01}.Debug|Any CPU.Build.0 = Debug|Any CPU
		{13E9F67D-0B95-4A48-890E-A2D981BCBC01}.Debug|x64.ActiveCfg = Debug|x64
		{13E9F67D-0B95-4A48-890E-A2D981BCBC01}.Debug|x64.Build.0 = Debug|x64
		{13E9F67D-0B95-4A48-890E-A2D981BCBC01}.DebugStub|Any CPU.ActiveCfg = DebugStub|Any CPU
		{13E9F67D-0B95-4A48-890E-A2D981BCBC01}.DebugStub|Any CPU.Build.0 = DebugStub|Any CPU
		{13E9F67D-0B95-4A48-890E-A2D981BCBC01}.DebugStub|x64.ActiveCfg = DebugStub|x64
		{13E9F67D-0B95-4A48-890E-A2D981BCBC01}.DebugStub|x64.Build.0 = DebugStub|x64
		{13E9F67D-0B95-4A48-890E-A2D981BCBC01}.Release|Any CPU.ActiveCfg = Release|Any CPU
		{13E9F67D-0B95-4A48-890E-A2D981BCBC01}.Release|Any CPU.Build.0 = Release|Any CPU
		{13E9F67D-0B95-4A48-890E-A2D981BCBC01}.Release|x64.ActiveCfg = Release|x64
		{13E9F67D-0B95-4A48-890E-A2D981BCBC01}.Release|x64.Build.0 = Release|x64
		{754F4B9C-8A5B-460A-9CF1-CFF615CAE1E5}.Debug|Any CPU.ActiveCfg = Debug|Any CPU
		{754F4B9C-8A5B-460A-9CF1-CFF615CAE1E5}.Debug|Any CPU.Build.0 = Debug|Any CPU
		{754F4B9C-8A5B-460A-9CF1-CFF615CAE1E5}.Debug|x64.ActiveCfg = Debug|Any CPU
		{754F4B9C-8A5B-460A-9CF1-CFF615CAE1E5}.Debug|x64.Build.0 = Debug|Any CPU
		{754F4B9C-8A5B-460A-9CF1-CFF615CAE1E5}.DebugStub|Any CPU.ActiveCfg = Debug|Any CPU
		{754F4B9C-8A5B-460A-9CF1-CFF615CAE1E5}.DebugStub|Any CPU.Build.0 = Debug|Any CPU
		{754F4B9C-8A5B-460A-9CF1-CFF615CAE1E5}.DebugStub|x64.ActiveCfg = Debug|Any CPU
		{754F4B9C-8A5B-460A-9CF1-CFF615CAE1E5}.DebugStub|x64.Build.0 = Debug|Any CPU
		{754F4B9C-8A5B-460A-9CF1-CFF615CAE1E5}.Release|Any CPU.ActiveCfg = Release|Any CPU
		{754F4B9C-8A5B-460A-9CF1-CFF615CAE1E5}.Release|Any CPU.Build.0 = Release|Any CPU
		{754F4B9C-8A5B-460A-9CF1-CFF615CAE1E5}.Release|x64.ActiveCfg = Release|Any CPU
		{754F4B9C-8A5B-460A-9CF1-CFF615CAE1E5}.Release|x64.Build.0 = Release|Any CPU
	EndGlobalSection
	GlobalSection(SolutionProperties) = preSolution
		HideSolutionNode = FALSE
	EndGlobalSection
	GlobalSection(ExtensibilityGlobals) = postSolution
		SolutionGuid = {563053BF-06F7-4E86-85C6-BC990A2527DD}
	EndGlobalSection
EndGlobal
