
Microsoft Visual Studio Solution File, Format Version 12.00
# Visual Studio 15
VisualStudioVersion = 15.0.27428.2043
MinimumVisualStudioVersion = 10.0.40219.1
Project("{FAE04EC0-301F-11D3-BF4B-00C04F79EFBC}") = "TableDTOGenerater", "TableDTOGenerater\TableDTOGenerater.csproj", "{13EFFCED-B911-4AF1-B2DF-A61C331F06D0}"
EndProject
Global
	GlobalSection(SolutionConfigurationPlatforms) = preSolution
		Debug|Any CPU = Debug|Any CPU
		Release|Any CPU = Release|Any CPU
	EndGlobalSection
	GlobalSection(ProjectConfigurationPlatforms) = postSolution
		{13EFFCED-B911-4AF1-B2DF-A61C331F06D0}.Debug|Any CPU.ActiveCfg = Debug|Any CPU
		{13EFFCED-B911-4AF1-B2DF-A61C331F06D0}.Debug|Any CPU.Build.0 = Debug|Any CPU
		{13EFFCED-B911-4AF1-B2DF-A61C331F06D0}.Release|Any CPU.ActiveCfg = Release|Any CPU
		{13EFFCED-B911-4AF1-B2DF-A61C331F06D0}.Release|Any CPU.Build.0 = Release|Any CPU
	EndGlobalSection
	GlobalSection(SolutionProperties) = preSolution
		HideSolutionNode = FALSE
	EndGlobalSection
	GlobalSection(ExtensibilityGlobals) = postSolution
		SolutionGuid = {4B704A17-4A18-4BAD-9D15-59639DF7C680}
	EndGlobalSection
EndGlobal
