
Microsoft Visual Studio Solution File, Format Version 12.00
# Visual Studio 15
VisualStudioVersion = 15.0.27703.2026
MinimumVisualStudioVersion = 10.0.40219.1
Project("{FAE04EC0-301F-11D3-BF4B-00C04F79EFBC}") = "FrameworkClient", "Client\FrameworkClient.csproj", "{C53B5385-AFB3-4350-8E42-6CD6C4AEF15E}"
EndProject
Project("{9A19103F-16F7-4668-BE54-9A1E7A4F7556}") = "FrameworkDataTransferObject", "DataTransferObject\FrameworkDataTransferObject.csproj", "{F8A766D5-C0BD-4EE2-8104-D22B8BC12CE7}"
EndProject
Project("{9A19103F-16F7-4668-BE54-9A1E7A4F7556}") = "FrameworkWebAPI", "WebAPI\FrameworkWebAPI.csproj", "{3758A473-2AF9-4123-8420-76DFC30EFAA8}"
EndProject
Project("{FAE04EC0-301F-11D3-BF4B-00C04F79EFBC}") = "FrameworkDataTransferObjectClient", "FrameworkDataTransferObjectClient\FrameworkDataTransferObjectClient.csproj", "{5F6A9B15-5183-4EF0-B64D-81DCC1A1DD96}"
EndProject
Global
	GlobalSection(SolutionConfigurationPlatforms) = preSolution
		Debug|Any CPU = Debug|Any CPU
		Debug|x64 = Debug|x64
		DebugStub|Any CPU = DebugStub|Any CPU
		DebugStub|x64 = DebugStub|x64
		Release|Any CPU = Release|Any CPU
		Release|x64 = Release|x64
	EndGlobalSection
	GlobalSection(ProjectConfigurationPlatforms) = postSolution
		{C53B5385-AFB3-4350-8E42-6CD6C4AEF15E}.Debug|Any CPU.ActiveCfg = Debug|Any CPU
		{C53B5385-AFB3-4350-8E42-6CD6C4AEF15E}.Debug|Any CPU.Build.0 = Debug|Any CPU
		{C53B5385-AFB3-4350-8E42-6CD6C4AEF15E}.Debug|x64.ActiveCfg = Debug|x64
		{C53B5385-AFB3-4350-8E42-6CD6C4AEF15E}.Debug|x64.Build.0 = Debug|x64
		{C53B5385-AFB3-4350-8E42-6CD6C4AEF15E}.DebugStub|Any CPU.ActiveCfg = DebugStub|Any CPU
		{C53B5385-AFB3-4350-8E42-6CD6C4AEF15E}.DebugStub|Any CPU.Build.0 = DebugStub|Any CPU
		{C53B5385-AFB3-4350-8E42-6CD6C4AEF15E}.DebugStub|x64.ActiveCfg = DebugStub|x64
		{C53B5385-AFB3-4350-8E42-6CD6C4AEF15E}.DebugStub|x64.Build.0 = DebugStub|x64
		{C53B5385-AFB3-4350-8E42-6CD6C4AEF15E}.Release|Any CPU.ActiveCfg = Release|Any CPU
		{C53B5385-AFB3-4350-8E42-6CD6C4AEF15E}.Release|Any CPU.Build.0 = Release|Any CPU
		{C53B5385-AFB3-4350-8E42-6CD6C4AEF15E}.Release|x64.ActiveCfg = Release|x64
		{C53B5385-AFB3-4350-8E42-6CD6C4AEF15E}.Release|x64.Build.0 = Release|x64
		{F8A766D5-C0BD-4EE2-8104-D22B8BC12CE7}.Debug|Any CPU.ActiveCfg = Debug|Any CPU
		{F8A766D5-C0BD-4EE2-8104-D22B8BC12CE7}.Debug|Any CPU.Build.0 = Debug|Any CPU
		{F8A766D5-C0BD-4EE2-8104-D22B8BC12CE7}.Debug|x64.ActiveCfg = Debug|Any CPU
		{F8A766D5-C0BD-4EE2-8104-D22B8BC12CE7}.Debug|x64.Build.0 = Debug|Any CPU
		{F8A766D5-C0BD-4EE2-8104-D22B8BC12CE7}.DebugStub|Any CPU.ActiveCfg = DebugStub|Any CPU
		{F8A766D5-C0BD-4EE2-8104-D22B8BC12CE7}.DebugStub|Any CPU.Build.0 = DebugStub|Any CPU
		{F8A766D5-C0BD-4EE2-8104-D22B8BC12CE7}.DebugStub|x64.ActiveCfg = DebugStub|Any CPU
		{F8A766D5-C0BD-4EE2-8104-D22B8BC12CE7}.DebugStub|x64.Build.0 = DebugStub|Any CPU
		{F8A766D5-C0BD-4EE2-8104-D22B8BC12CE7}.Release|Any CPU.ActiveCfg = Release|Any CPU
		{F8A766D5-C0BD-4EE2-8104-D22B8BC12CE7}.Release|Any CPU.Build.0 = Release|Any CPU
		{F8A766D5-C0BD-4EE2-8104-D22B8BC12CE7}.Release|x64.ActiveCfg = Release|Any CPU
		{F8A766D5-C0BD-4EE2-8104-D22B8BC12CE7}.Release|x64.Build.0 = Release|Any CPU
		{3758A473-2AF9-4123-8420-76DFC30EFAA8}.Debug|Any CPU.ActiveCfg = Debug|Any CPU
		{3758A473-2AF9-4123-8420-76DFC30EFAA8}.Debug|Any CPU.Build.0 = Debug|Any CPU
		{3758A473-2AF9-4123-8420-76DFC30EFAA8}.Debug|x64.ActiveCfg = Debug|Any CPU
		{3758A473-2AF9-4123-8420-76DFC30EFAA8}.Debug|x64.Build.0 = Debug|Any CPU
		{3758A473-2AF9-4123-8420-76DFC30EFAA8}.DebugStub|Any CPU.ActiveCfg = Debug|Any CPU
		{3758A473-2AF9-4123-8420-76DFC30EFAA8}.DebugStub|Any CPU.Build.0 = Debug|Any CPU
		{3758A473-2AF9-4123-8420-76DFC30EFAA8}.DebugStub|x64.ActiveCfg = Debug|Any CPU
		{3758A473-2AF9-4123-8420-76DFC30EFAA8}.DebugStub|x64.Build.0 = Debug|Any CPU
		{3758A473-2AF9-4123-8420-76DFC30EFAA8}.Release|Any CPU.ActiveCfg = Release|Any CPU
		{3758A473-2AF9-4123-8420-76DFC30EFAA8}.Release|Any CPU.Build.0 = Release|Any CPU
		{3758A473-2AF9-4123-8420-76DFC30EFAA8}.Release|x64.ActiveCfg = Release|Any CPU
		{3758A473-2AF9-4123-8420-76DFC30EFAA8}.Release|x64.Build.0 = Release|Any CPU
		{5F6A9B15-5183-4EF0-B64D-81DCC1A1DD96}.Debug|Any CPU.ActiveCfg = Debug|Any CPU
		{5F6A9B15-5183-4EF0-B64D-81DCC1A1DD96}.Debug|Any CPU.Build.0 = Debug|Any CPU
		{5F6A9B15-5183-4EF0-B64D-81DCC1A1DD96}.Debug|x64.ActiveCfg = Debug|Any CPU
		{5F6A9B15-5183-4EF0-B64D-81DCC1A1DD96}.Debug|x64.Build.0 = Debug|Any CPU
		{5F6A9B15-5183-4EF0-B64D-81DCC1A1DD96}.DebugStub|Any CPU.ActiveCfg = Debug|Any CPU
		{5F6A9B15-5183-4EF0-B64D-81DCC1A1DD96}.DebugStub|Any CPU.Build.0 = Debug|Any CPU
		{5F6A9B15-5183-4EF0-B64D-81DCC1A1DD96}.DebugStub|x64.ActiveCfg = Debug|Any CPU
		{5F6A9B15-5183-4EF0-B64D-81DCC1A1DD96}.DebugStub|x64.Build.0 = Debug|Any CPU
		{5F6A9B15-5183-4EF0-B64D-81DCC1A1DD96}.Release|Any CPU.ActiveCfg = Release|Any CPU
		{5F6A9B15-5183-4EF0-B64D-81DCC1A1DD96}.Release|Any CPU.Build.0 = Release|Any CPU
		{5F6A9B15-5183-4EF0-B64D-81DCC1A1DD96}.Release|x64.ActiveCfg = Release|Any CPU
		{5F6A9B15-5183-4EF0-B64D-81DCC1A1DD96}.Release|x64.Build.0 = Release|Any CPU
	EndGlobalSection
	GlobalSection(SolutionProperties) = preSolution
		HideSolutionNode = FALSE
	EndGlobalSection
	GlobalSection(ExtensibilityGlobals) = postSolution
		SolutionGuid = {96FDA1D2-4D57-4A53-94CD-F0BE7617F50E}
	EndGlobalSection
EndGlobal
